// !$*UTF8*$!
{
    archiveVersion = 1;
    classes = {
    };
    objectVersion = 56;
    objects = {

/* Begin PBXBuildFile section */
        1A2B3C4D5E6F7G8H9I0J /* ContentView.swift in Sources */ = {isa = PBXBuildFile; fileRef = 1A2B3C4D5E6F7G8H9I0K /* ContentView.swift */; };
        1A2B3C4D5E6F7G8H9I0L /* ElectricChairGameApp.swift in Sources */ = {isa = PBXBuildFile; fileRef = 1A2B3C4D5E6F7G8H9I0M /* ElectricChairGameApp.swift */; };
        1A2B3C4D5E6F7G8H9I0N /* WebView.swift in Sources */ = {isa = PBXBuildFile; fileRef = 1A2B3C4D5E6F7G8H9I0O /* WebView.swift */; };
        1A2B3C4D5E6F7G8H9I0P /* NetworkMonitor.swift in Sources */ = {isa = PBXBuildFile; fileRef = 1A2B3C4D5E6F7G8H9I0Q /* NetworkMonitor.swift */; };
        1A2B3C4D5E6F7G8H9I0R /* LoadingView.swift in Sources */ = {isa = PBXBuildFile; fileRef = 1A2B3C4D5E6F7G8H9I0S /* LoadingView.swift */; };
        1A2B3C4D5E6F7G8H9I0T /* OfflineView.swift in Sources */ = {isa = PBXBuildFile; fileRef = 1A2B3C4D5E6F7G8H9I0U /* OfflineView.swift */; };
        1A2B3C4D5E6F7G8H9I0V /* BannerAdView.swift in Sources */ = {isa = PBXBuildFile; fileRef = 1A2B3C4D5E6F7G8H9I0W /* BannerAdView.swift */; };
        1A2B3C4D5E6F7G8H9I0X /* AdMobManager.swift in Sources */ = {isa = PBXBuildFile; fileRef = 1A2B3C4D5E6F7G8H9I0Y /* AdMobManager.swift */; };
/* End PBXBuildFile section */

/* Begin PBXFileReference section */
        1A2B3C4D5E6F7G8H9I0Z /* ElectricChairGame.app */ = {isa = PBXFileReference; explicitFileType = wrapper.application; includeInIndex = 0; path = ElectricChairGame.app; sourceTree = BUILT_PRODUCTS_DIR; };
        1A2B3C4D5E6F7G8H9I0K /* ContentView.swift */ = {isa = PBXFileReference; lastKnownFileType = sourcecode.swift; path = ContentView.swift; sourceTree = "<group>"; };
        1A2B3C4D5E6F7G8H9I0M /* ElectricChairGameApp.swift */ = {isa = PBXFileReference; lastKnownFileType = sourcecode.swift; path = ElectricChairGameApp.swift; sourceTree = "<group>"; };
        1A2B3C4D5E6F7G8H9I0O /* WebView.swift */ = {isa = PBXFileReference; lastKnownFileType = sourcecode.swift; path = WebView.swift; sourceTree = "<group>"; };
        1A2B3C4D5E6F7G8H9I0Q /* NetworkMonitor.swift */ = {isa = PBXFileReference; lastKnownFileType = sourcecode.swift; path = NetworkMonitor.swift; sourceTree = "<group>"; };
        1A2B3C4D5E6F7G8H9I0S /* LoadingView.swift */ = {isa = PBXFileReference; lastKnownFileType = sourcecode.swift; path = LoadingView.swift; sourceTree = "<group>"; };
        1A2B3C4D5E6F7G8H9I0U /* OfflineView.swift */ = {isa = PBXFileReference; lastKnownFileType = sourcecode.swift; path = OfflineView.swift; sourceTree = "<group>"; };
        1A2B3C4D5E6F7G8H9I0W /* BannerAdView.swift */ = {isa = PBXFileReference; lastKnownFileType = sourcecode.swift; path = BannerAdView.swift; sourceTree = "<group>"; };
        1A2B3C4D5E6F7G8H9I0Y /* AdMobManager.swift */ = {isa = PBXFileReference; lastKnownFileType = sourcecode.swift; path = AdMobManager.swift; sourceTree = "<group>"; };
/* End PBXFileReference section */

/* Begin PBXFrameworksBuildPhase section */
        1A2B3C4D5E6F7G8H9I10 /* Frameworks */ = {
            isa = PBXFrameworksBuildPhase;
            buildActionMask = 2147483647;
            files = (
            );
            runOnlyForDeploymentPostprocessing = 0;
        };
/* End PBXFrameworksBuildPhase section */

/* Begin PBXGroup section */
        1A2B3C4D5E6F7G8H9I11 = {
            isa = PBXGroup;
            children = (
                1A2B3C4D5E6F7G8H9I12 /* ElectricChairGame */,
                1A2B3C4D5E6F7G8H9I13 /* Products */,
            );
            sourceTree = "<group>";
        };

        1A2B3C4D5E6F7G8H9I13 /* Products */ = {
            isa = PBXGroup;
            children = (
                1A2B3C4D5E6F7G8H9I0Z /* ElectricChairGame.app */,
            );
            name = Products;
            sourceTree = "<group>";
        };

        1A2B3C4D5E6F7G8H9I12 /* ElectricChairGame */ = {
            isa = PBXGroup;
            children = (
                1A2B3C4D5E6F7G8H9I14 /* App */,
                1A2B3C4D5E6F7G8H9I15 /* Views */,
                1A2B3C4D5E6F7G8H9I16 /* Utilities */,
            );
            path = ElectricChairGame;
            sourceTree = "<group>";
        };

        1A2B3C4D5E6F7G8H9I14 /* App */ = {
            isa = PBXGroup;
            children = (
                1A2B3C4D5E6F7G8H9I0M /* ElectricChairGameApp.swift */,
                1A2B3C4D5E6F7G8H9I0K /* ContentView.swift */,
            );
            path = App;
            sourceTree = "<group>";
        };

        1A2B3C4D5E6F7G8H9I15 /* Views */ = {
            isa = PBXGroup;
            children = (
                1A2B3C4D5E6F7G8H9I0O /* WebView.swift */,
                1A2B3C4D5E6F7G8H9I0S /* LoadingView.swift */,
                1A2B3C4D5E6F7G8H9I0U /* OfflineView.swift */,
                1A2B3C4D5E6F7G8H9I0W /* BannerAdView.swift */,
            );
            path = Views;
            sourceTree = "<group>";
        };

        1A2B3C4D5E6F7G8H9I16 /* Utilities */ = {
            isa = PBXGroup;
            children = (
                1A2B3C4D5E6F7G8H9I0Q /* NetworkMonitor.swift */,
                1A2B3C4D5E6F7G8H9I0Y /* AdMobManager.swift */,
            );
            path = Utilities;
            sourceTree = "<group>";
        };
/* End PBXGroup section */

/* Begin PBXNativeTarget section */
        1A2B3C4D5E6F7G8H9I17 /* ElectricChairGame */ = {
            isa = PBXNativeTarget;
            buildConfigurationList = 1A2B3C4D5E6F7G8H9I18;
            buildPhases = (
                1A2B3C4D5E6F7G8H9I10 /* Frameworks */,
                1A2B3C4D5E6F7G8H9I19 /* Sources */,
                1A2B3C4D5E6F7G8H9I1A /* Resources */,
            );
            buildRules = (
            );
            dependencies = (
            );
            name = ElectricChairGame;
            productName = ElectricChairGame;
            productReference = 1A2B3C4D5E6F7G8H9I0Z /* ElectricChairGame.app */;
            productType = "com.apple.product-type.application";
        };
/* End PBXNativeTarget section */

/* Begin PBXProject section */
        1A2B3C4D5E6F7G8H9I1B /* Project object */ = {
            isa = PBXProject;
            attributes = {
                BuildIndependentTargetsInParallel = 1;
                LastSwiftUpdateCheck = 1500;
                LastUpgradeCheck = 1500;
                TargetAttributes = {
                    1A2B3C4D5E6F7G8H9I17 = {
                        CreatedOnToolsVersion = 15.0;
                    };
                };
            };
            buildConfigurationList = 1A2B3C4D5E6F7G8H9I1C;
            compatibilityVersion = "Xcode 14.0";
            developmentRegion = en;
            hasScannedForEncodings = 0;
            knownRegions = (
                en,
                Base,
            );
            mainGroup = 1A2B3C4D5E6F7G8H9I11;
            productRefGroup = 1A2B3C4D5E6F7G8H9I13 /* Products */;
            projectDirPath = "";
            projectRoot = "";
            targets = (
                1A2B3C4D5E6F7G8H9I17 /* ElectricChairGame */,
            );
        };
/* End PBXProject section */

/* Begin PBXResourcesBuildPhase section */
        1A2B3C4D5E6F7G8H9I1A /* Resources */ = {
            isa = PBXResourcesBuildPhase;
            buildActionMask = 2147483647;
            files = (
            );
            runOnlyForDeploymentPostprocessing = 0;
        };
/* End PBXResourcesBuildPhase section */

/* Begin PBXSourcesBuildPhase section */
        1A2B3C4D5E6F7G8H9I19 /* Sources */ = {
            isa = PBXSourcesBuildPhase;
            buildActionMask = 2147483647;
            files = (
                1A2B3C4D5E6F7G8H9I0J /* ContentView.swift in Sources */,
                1A2B3C4D5E6F7G8H9I0L /* ElectricChairGameApp.swift in Sources */,
                1A2B3C4D5E6F7G8H9I0N /* WebView.swift in Sources */,
                1A2B3C4D5E6F7G8H9I0P /* NetworkMonitor.swift in Sources */,
                1A2B3C4D5E6F7G8H9I0R /* LoadingView.swift in Sources */,
                1A2B3C4D5E6F7G8H9I0T /* OfflineView.swift in Sources */,
                1A2B3C4D5E6F7G8H9I0V /* BannerAdView.swift in Sources */,
                1A2B3C4D5E6F7G8H9I0X /* AdMobManager.swift in Sources */,
            );
            runOnlyForDeploymentPostprocessing = 0;
        };
/* End PBXSourcesBuildPhase section */

/* Begin XCBuildConfiguration section */
        1A2B3C4D5E6F7G8H9I1D /* Debug */ = {
            isa = XCBuildConfiguration;
            buildSettings = {
                ALWAYS_SEARCH_USER_PATHS = NO;
                ASSETCATALOG_COMPILER_GENERATE_SWIFT_ASSET_SYMBOL_EXTENSIONS = YES;
                CLANG_ANALYZER_NONNULL = YES;
                CLANG_ANALYZER_NUMBER_OBJECT_CONVERSION = YES_AGGRESSIVE;
                CLANG_CXX_LANGUAGE_STANDARD = "gnu++20";
                CLANG_ENABLE_MODULES = YES;
                CLANG_ENABLE_OBJC_ARC = YES;
                CLANG_ENABLE_OBJC_WEAK = YES;
                CLANG_WARN_BLOCK_CAPTURE_AUTORELEASING = YES;
                CLANG_WARN_BOOL_CONVERSION = YES;
                CLANG_WARN_COMMA = YES;
                CLANG_WARN_CONSTANT_CONVERSION = YES;
                CLANG_WARN_DEPRECATED_OBJC_IMPLEMENTATIONS = YES;
                CLANG_WARN_DIRECT_OBJC_ISA_USAGE = YES_ERROR;
                CLANG_WARN_DOCUMENTATION_COMMENTS = YES;
                CLANG_WARN_EMPTY_BODY = YES;
                CLANG_WARN_ENUM_CONVERSION = YES;
                CLANG_WARN_INFINITE_RECURSION = YES;
                CLANG_WARN_INT_CONVERSION = YES;
                CLANG_WARN_NON_LITERAL_NULL_CONVERSION = YES;
                CLANG_WARN_OBJC_IMPLICIT_RETAIN_SELF = YES;
                CLANG_WARN_OBJC_LITERAL_CONVERSION = YES;
                CLANG_WARN_OBJC_ROOT_CLASS = YES_ERROR;
                CLANG_WARN_QUOTED_INCLUDE_IN_FRAMEWORK_HEADER = YES;
                CLANG_WARN_RANGE_LOOP_ANALYSIS = YES;
                CLANG_WARN_STRICT_PROTOTYPES = YES;
                CLANG_WARN_SUSPICIOUS_MOVE = YES;
                CLANG_WARN_UNGUARDED_AVAILABILITY = YES_AGGRESSIVE;
                CLANG_WARN_UNREACHABLE_CODE = YES;
                CLANG_WARN__DUPLICATE_METHOD_MATCH = YES;
                COPY_PHASE_STRIP = NO;
                DEBUG_INFORMATION_FORMAT = dwarf;
                ENABLE_STRICT_OBJC_MSGSEND = YES;
                ENABLE_TESTABILITY = YES;
                ENABLE_USER_SCRIPT_SANDBOXING = YES;
                GCC_C_LANGUAGE_STANDARD = gnu17;
                GCC_DYNAMIC_NO_PIC = NO;
                GCC_NO_COMMON_BLOCKS = YES;
                GCC_OPTIMIZATION_LEVEL = 0;
                GCC_PREPROCESSOR_DEFINITIONS = (
                    "DEBUG=1",
                    "$(inherited)",
                );
                GCC_WARN_64_TO_32_BIT_CONVERSION = YES;
                GCC_WARN_ABOUT_RETURN_TYPE = YES_ERROR;
                GCC_WARN_UNDECLARED_SELECTOR = YES;
                GCC_WARN_UNINITIALIZED_AUTOS = YES_AGGRESSIVE;
                GCC_WARN_UNUSED_FUNCTION = YES;
                GCC_WARN_UNUSED_VARIABLE = YES;
                IPHONEOS_DEPLOYMENT_TARGET = 17.0;
                LOCALIZATION_PREFERS_STRING_CATALOGS = YES;
                MTL_ENABLE_DEBUG_INFO = INCLUDE_SOURCE;
                MTL_FAST_MATH = YES;
                ONLY_ACTIVE_ARCH = YES;
                SDKROOT = iphoneos;
                SWIFT_ACTIVE_COMPILATION_CONDITIONS = "DEBUG $(inherited)";
                SWIFT_OPTIMIZATION_LEVEL = "-Onone";
            };
            name = Debug;
        };

        1A2B3C4D5E6F7G8H9I1E /* Release */ = {
            isa = XCBuildConfiguration;
            buildSettings = {
                ALWAYS_SEARCH_USER_PATHS = NO;
                ASSETCATALOG_COMPILER_GENERATE_SWIFT_ASSET_SYMBOL_EXTENSIONS = YES;
                CLANG_ANALYZER_NONNULL = YES;
                CLANG_ANALYZER_NUMBER_OBJECT_CONVERSION = YES_AGGRESSIVE;
                CLANG_CXX_LANGUAGE_STANDARD = "gnu++20";
                CLANG_ENABLE_MODULES = YES;
                CLANG_ENABLE_OBJC_ARC = YES;
                CLANG_ENABLE_OBJC_WEAK = YES;
                CLANG_WARN_BLOCK_CAPTURE_AUTORELEASING = YES;
                CLANG_WARN_BOOL_CONVERSION = YES;
                CLANG_WARN_COMMA = YES;
                CLANG_WARN_CONSTANT_CONVERSION = YES;
                CLANG_WARN_DEPRECATED_OBJC_IMPLEMENTATIONS = YES;
                CLANG_WARN_DIRECT_OBJC_ISA_USAGE = YES_ERROR;
                CLANG_WARN_DOCUMENTATION_COMMENTS = YES;
                CLANG_WARN_EMPTY_BODY = YES;
                CLANG_WARN_ENUM_CONVERSION = YES;
                CLANG_WARN_INFINITE_RECURSION = YES;
                CLANG_WARN_INT_CONVERSION = YES;
                CLANG_WARN_NON_LITERAL_NULL_CONVERSION = YES;
                CLANG_WARN_OBJC_IMPLICIT_RETAIN_SELF = YES;
                CLANG_WARN_OBJC_LITERAL_CONVERSION = YES;
                CLANG_WARN_OBJC_ROOT_CLASS = YES_ERROR;
                CLANG_WARN_QUOTED_INCLUDE_IN_FRAMEWORK_HEADER = YES;
                CLANG_WARN_RANGE_LOOP_ANALYSIS = YES;
                CLANG_WARN_STRICT_PROTOTYPES = YES;
                CLANG_WARN_SUSPICIOUS_MOVE = YES;
                CLANG_WARN_UNGUARDED_AVAILABILITY = YES_AGGRESSIVE;
                CLANG_WARN_UNREACHABLE_CODE = YES;
                CLANG_WARN__DUPLICATE_METHOD_MATCH = YES;
                COPY_PHASE_STRIP = NO;
                DEBUG_INFORMATION_FORMAT = "dwarf-with-dsym";
                ENABLE_NS_ASSERTIONS = NO;
                ENABLE_STRICT_OBJC_MSGSEND = YES;
                ENABLE_USER_SCRIPT_SANDBOXING = YES;
                GCC_C_LANGUAGE_STANDARD = gnu17;
                GCC_NO_COMMON_BLOCKS = YES;
                GCC_WARN_64_TO_32_BIT_CONVERSION = YES;
                GCC_WARN_ABOUT_RETURN_TYPE = YES_ERROR;
                GCC_WARN_UNDECLARED_SELECTOR = YES;
                GCC_WARN_UNINITIALIZED_AUTOS = YES_AGGRESSIVE;
                GCC_WARN_UNUSED_FUNCTION = YES;
                GCC_WARN_UNUSED_VARIABLE = YES;
                IPHONEOS_DEPLOYMENT_TARGET = 17.0;
                LOCALIZATION_PREFERS_STRING_CATALOGS = YES;
                MTL_ENABLE_DEBUG_INFO = NO;
                MTL_FAST_MATH = YES;
                SDKROOT = iphoneos;
                SWIFT_COMPILATION_MODE = wholemodule;
                VALIDATE_PRODUCT = YES;
            };
            name = Release;
        };

        1A2B3C4D5E6F7G8H9I1F /* Debug */ = {
            isa = XCBuildConfiguration;
            buildSettings = {
                ASSETCATALOG_COMPILER_APPICON_NAME = AppIcon;
                ASSETCATALOG_COMPILER_GLOBAL_ACCENT_COLOR_NAME = AccentColor;
                CODE_SIGN_STYLE = Automatic;
                CURRENT_PROJECT_VERSION = 1;
                DEVELOPMENT_ASSET_PATHS = "";
                ENABLE_PREVIEWS = YES;
                GENERATE_INFOPLIST_FILE = YES;
                INFOPLIST_KEY_UIApplicationSceneManifest_Generation = YES;
                INFOPLIST_KEY_UIApplicationSupportsIndirectInputEvents = YES;
                INFOPLIST_KEY_UILaunchScreen_Generation = YES;
                INFOPLIST_KEY_UISupportedInterfaceOrientations_iPad = "UIInterfaceOrientationPortrait UIInterfaceOrientationPortraitUpsideDown UIInterfaceOrientationLandscapeLeft UIInterfaceOrientationLandscapeRight";
                INFOPLIST_KEY_UISupportedInterfaceOrientations_iPhone = "UIInterfaceOrientationPortrait UIInterfaceOrientationLandscapeLeft UIInterfaceOrientationLandscapeRight";
                LD_RUNPATH_SEARCH_PATHS = (
                    "$(inherited)",
                    "@executable_path/Frameworks",
                );
                MARKETING_VERSION = 1.0;
                PRODUCT_BUNDLE_IDENTIFIER = com.example.ElectricChairGame;
                PRODUCT_NAME = "$(TARGET_NAME)";
                SWIFT_EMIT_LOC_STRINGS = YES;
                SWIFT_VERSION = 5.0;
                TARGETED_DEVICE_FAMILY = "1,2";
            };
            name = Debug;
        };

        1A2B3C4D5E6F7G8H9I1G /* Release */ = {
            isa = XCBuildConfiguration;
            buildSettings = {
                ASSETCATALOG_COMPILER_APPICON_NAME = AppIcon;
                ASSETCATALOG_COMPILER_GLOBAL_ACCENT_COLOR_NAME = AccentColor;
                CODE_SIGN_STYLE = Automatic;
                CURRENT_PROJECT_VERSION = 1;
                DEVELOPMENT_ASSET_PATHS = "";
                ENABLE_PREVIEWS = YES;
                GENERATE_INFOPLIST_FILE = YES;
                INFOPLIST_KEY_UIApplicationSceneManifest_Generation = YES;
                INFOPLIST_KEY_UIApplicationSupportsIndirectInputEvents = YES;
                INFOPLIST_KEY_UILaunchScreen_Generation = YES;
                INFOPLIST_KEY_UISupportedInterfaceOrientations_iPad = "UIInterfaceOrientationPortrait UIInterfaceOrientationPortraitUpsideDown UIInterfaceOrientationLandscapeLeft UIInterfaceOrientationLandscapeRight";
                INFOPLIST_KEY_UISupportedInterfaceOrientations_iPhone = "UIInterfaceOrientationPortrait UIInterfaceOrientationLandscapeLeft UIInterfaceOrientationLandscapeRight";
                LD_RUNPATH_SEARCH_PATHS = (
                    "$(inherited)",
                    "@executable_path/Frameworks",
                );
                MARKETING_VERSION = 1.0;
                PRODUCT_BUNDLE_IDENTIFIER = com.example.ElectricChairGame;
                PRODUCT_NAME = "$(TARGET_NAME)";
                SWIFT_EMIT_LOC_STRINGS = YES;
                SWIFT_VERSION = 5.0;
                TARGETED_DEVICE_FAMILY = "1,2";
            };
            name = Release;
        };
/* End XCBuildConfiguration section */

/* Begin XCConfigurationList section */
        1A2B3C4D5E6F7G8H9I1C /* Build configuration list for PBXProject "ElectricChairGame" */ = {
            isa = XCConfigurationList;
            buildConfigurations = (
                1A2B3C4D5E6F7G8H9I1D /* Debug */,
                1A2B3C4D5E6F7G8H9I1E /* Release */,
            );
            defaultConfigurationIsVisible = 0;
            defaultConfigurationName = Release;
        };

        1A2B3C4D5E6F7G8H9I18 /* Build configuration list for PBXNativeTarget "ElectricChairGame" */ = {
            isa = XCConfigurationList;
            buildConfigurations = (
                1A2B3C4D5E6F7G8H9I1F /* Debug */,
                1A2B3C4D5E6F7G8H9I1G /* Release */,
            );
            defaultConfigurationIsVisible = 0;
            defaultConfigurationName = Release;
        };
/* End XCConfigurationList section */
    };
    rootObject = 1A2B3C4D5E6F7G8H9I1B /* Project object */;
}